
Microsoft Visual Studio Solution File, Format Version 12.00
Project("{FAE04EC0-301F-11D3-BF4B-00C04F79EFBC}") = "Application", "Application\Application.csproj", "{0E489DFA-6CE2-48F0-9009-B840F6267325}"
EndProject
Project("{FAE04EC0-301F-11D3-BF4B-00C04F79EFBC}") = "Infrastructure", "Infrastructure\Infrastructure.csproj", "{7591E93A-FE31-4AE6-92B2-325DB771DCB7}"
EndProject
Project("{FAE04EC0-301F-11D3-BF4B-00C04F79EFBC}") = "Domain", "Domain\Domain.csproj", "{0FA39CB5-49F1-44C8-9890-70C61E5BF83D}"
EndProject
Project("{FAE04EC0-301F-11D3-BF4B-00C04F79EFBC}") = "WebUI", "WebUI\WebUI.csproj", "{7A320DEE-F43F-4E3F-84AE-1F3B9E784BC4}"
EndProject
Global
	GlobalSection(SolutionConfigurationPlatforms) = preSolution
		Debug|Any CPU = Debug|Any CPU
		Release|Any CPU = Release|Any CPU
	EndGlobalSection
	GlobalSection(ProjectConfigurationPlatforms) = postSolution
		{0E489DFA-6CE2-48F0-9009-B840F6267325}.Debug|Any CPU.ActiveCfg = Debug|Any CPU
		{0E489DFA-6CE2-48F0-9009-B840F6267325}.Debug|Any CPU.Build.0 = Debug|Any CPU
		{0E489DFA-6CE2-48F0-9009-B840F6267325}.Release|Any CPU.ActiveCfg = Release|Any CPU
		{0E489DFA-6CE2-48F0-9009-B840F6267325}.Release|Any CPU.Build.0 = Release|Any CPU
		{7591E93A-FE31-4AE6-92B2-325DB771DCB7}.Debug|Any CPU.ActiveCfg = Debug|Any CPU
		{7591E93A-FE31-4AE6-92B2-325DB771DCB7}.Debug|Any CPU.Build.0 = Debug|Any CPU
		{7591E93A-FE31-4AE6-92B2-325DB771DCB7}.Release|Any CPU.ActiveCfg = Release|Any CPU
		{7591E93A-FE31-4AE6-92B2-325DB771DCB7}.Release|Any CPU.Build.0 = Release|Any CPU
		{0FA39CB5-49F1-44C8-9890-70C61E5BF83D}.Debug|Any CPU.ActiveCfg = Debug|Any CPU
		{0FA39CB5-49F1-44C8-9890-70C61E5BF83D}.Debug|Any CPU.Build.0 = Debug|Any CPU
		{0FA39CB5-49F1-44C8-9890-70C61E5BF83D}.Release|Any CPU.ActiveCfg = Release|Any CPU
		{0FA39CB5-49F1-44C8-9890-70C61E5BF83D}.Release|Any CPU.Build.0 = Release|Any CPU
		{7A320DEE-F43F-4E3F-84AE-1F3B9E784BC4}.Debug|Any CPU.ActiveCfg = Debug|Any CPU
		{7A320DEE-F43F-4E3F-84AE-1F3B9E784BC4}.Debug|Any CPU.Build.0 = Debug|Any CPU
		{7A320DEE-F43F-4E3F-84AE-1F3B9E784BC4}.Release|Any CPU.ActiveCfg = Release|Any CPU
		{7A320DEE-F43F-4E3F-84AE-1F3B9E784BC4}.Release|Any CPU.Build.0 = Release|Any CPU
	EndGlobalSection
EndGlobal
